
Microsoft Visual Studio Solution File, Format Version 12.00
# Visual Studio Version 17
VisualStudioVersion = 17.12.35707.178 d17.12
MinimumVisualStudioVersion = 10.0.40219.1
Project("{8BC9CEB8-8B4A-11D0-8D11-00A0C91BC942}") = "Kahyba", "Kahyba\Kahyba.vcxproj", "{C67BA410-9F5E-433C-AAFA-16D64C32270C}"
EndProject
Project("{2150E333-8FDC-42A3-9474-1A3956D46DE8}") = "Элементы решения", "Элементы решения", "{DDCE6D0F-4C02-4220-B2CE-B3EA0F871F3D}"
	ProjectSection(SolutionItems) = preProject
		Kahyba2.cpp = Kahyba2.cpp
	EndProjectSection
EndProject
Global
	GlobalSection(SolutionConfigurationPlatforms) = preSolution
		Debug|x64 = Debug|x64
		Debug|x86 = Debug|x86
		Release|x64 = Release|x64
		Release|x86 = Release|x86
	EndGlobalSection
	GlobalSection(ProjectConfigurationPlatforms) = postSolution
		{C67BA410-9F5E-433C-AAFA-16D64C32270C}.Debug|x64.ActiveCfg = Debug|x64
		{C67BA410-9F5E-433C-AAFA-16D64C32270C}.Debug|x64.Build.0 = Debug|x64
		{C67BA410-9F5E-433C-AAFA-16D64C32270C}.Debug|x86.ActiveCfg = Debug|Win32
		{C67BA410-9F5E-433C-AAFA-16D64C32270C}.Debug|x86.Build.0 = Debug|Win32
		{C67BA410-9F5E-433C-AAFA-16D64C32270C}.Release|x64.ActiveCfg = Release|x64
		{C67BA410-9F5E-433C-AAFA-16D64C32270C}.Release|x64.Build.0 = Release|x64
		{C67BA410-9F5E-433C-AAFA-16D64C32270C}.Release|x86.ActiveCfg = Release|Win32
		{C67BA410-9F5E-433C-AAFA-16D64C32270C}.Release|x86.Build.0 = Release|Win32
	EndGlobalSection
	GlobalSection(SolutionProperties) = preSolution
		HideSolutionNode = FALSE
	EndGlobalSection
EndGlobal
